
Microsoft Visual Studio Solution File, Format Version 11.00
# Visual Studio 2010
Project("{FAE04EC0-301F-11D3-BF4B-00C04F79EFBC}") = "BBTA", "BBTA\BBTA\BBTA.csproj", "{7F236406-5D64-47D5-B026-704DE0435D61}"
EndProject
Project("{96E2B04D-8817-42C6-938A-82C39BA4D311}") = "BBTAContent", "BBTA\BBTAContent\BBTAContent.contentproj", "{CCB3D7B0-0661-403B-80BD-C68FD5303850}"
EndProject
Project("{FAE04EC0-301F-11D3-BF4B-00C04F79EFBC}") = "XNATileMapEditor", "EditeurBBTA\XNATileMapEditor.csproj", "{2EB931BC-6FC9-49DA-8964-C4E510EB3231}"
EndProject
Global
	GlobalSection(SolutionConfigurationPlatforms) = preSolution
		Debug|x86 = Debug|x86
		Release|x86 = Release|x86
	EndGlobalSection
	GlobalSection(ProjectConfigurationPlatforms) = postSolution
		{7F236406-5D64-47D5-B026-704DE0435D61}.Debug|x86.ActiveCfg = Debug|x86
		{7F236406-5D64-47D5-B026-704DE0435D61}.Debug|x86.Build.0 = Debug|x86
		{7F236406-5D64-47D5-B026-704DE0435D61}.Release|x86.ActiveCfg = Release|x86
		{7F236406-5D64-47D5-B026-704DE0435D61}.Release|x86.Build.0 = Release|x86
		{CCB3D7B0-0661-403B-80BD-C68FD5303850}.Debug|x86.ActiveCfg = Debug|x86
		{CCB3D7B0-0661-403B-80BD-C68FD5303850}.Release|x86.ActiveCfg = Release|x86
		{2EB931BC-6FC9-49DA-8964-C4E510EB3231}.Debug|x86.ActiveCfg = Debug|x86
		{2EB931BC-6FC9-49DA-8964-C4E510EB3231}.Debug|x86.Build.0 = Debug|x86
		{2EB931BC-6FC9-49DA-8964-C4E510EB3231}.Release|x86.ActiveCfg = Release|x86
		{2EB931BC-6FC9-49DA-8964-C4E510EB3231}.Release|x86.Build.0 = Release|x86
	EndGlobalSection
	GlobalSection(SolutionProperties) = preSolution
		HideSolutionNode = FALSE
	EndGlobalSection
EndGlobal
